
Microsoft Visual Studio Solution File, Format Version 12.00
# Visual Studio Version 16
VisualStudioVersion = 16.0.29728.190
MinimumVisualStudioVersion = 10.0.40219.1
Project("{FAE04EC0-301F-11D3-BF4B-00C04F79EFBC}") = "ConditionalOperators", "ConditionalOperators.csproj", "{38CC1B13-D581-449F-BF01-83F5820B46BB}"
EndProject
Global
	GlobalSection(SolutionConfigurationPlatforms) = preSolution
		Debug|Any CPU = Debug|Any CPU
		Release|Any CPU = Release|Any CPU
	EndGlobalSection
	GlobalSection(ProjectConfigurationPlatforms) = postSolution
		{38CC1B13-D581-449F-BF01-83F5820B46BB}.Debug|Any CPU.ActiveCfg = Debug|Any CPU
		{38CC1B13-D581-449F-BF01-83F5820B46BB}.Debug|Any CPU.Build.0 = Debug|Any CPU
		{38CC1B13-D581-449F-BF01-83F5820B46BB}.Release|Any CPU.ActiveCfg = Release|Any CPU
		{38CC1B13-D581-449F-BF01-83F5820B46BB}.Release|Any CPU.Build.0 = Release|Any CPU
	EndGlobalSection
	GlobalSection(SolutionProperties) = preSolution
		HideSolutionNode = FALSE
	EndGlobalSection
	GlobalSection(ExtensibilityGlobals) = postSolution
		SolutionGuid = {DA55794F-3C8C-4C46-BED3-8AC0D2057B96}
	EndGlobalSection
EndGlobal
