
Microsoft Visual Studio Solution File, Format Version 12.00
# Visual Studio Version 16
VisualStudioVersion = 16.0.29709.97
MinimumVisualStudioVersion = 10.0.40219.1
Project("{FAE04EC0-301F-11D3-BF4B-00C04F79EFBC}") = "Test", "Test\Test.csproj", "{37E48FDC-7C5B-47CA-9231-724766BE406E}"
EndProject
Global
	GlobalSection(SolutionConfigurationPlatforms) = preSolution
		Debug|Any CPU = Debug|Any CPU
		Release|Any CPU = Release|Any CPU
	EndGlobalSection
	GlobalSection(ProjectConfigurationPlatforms) = postSolution
		{37E48FDC-7C5B-47CA-9231-724766BE406E}.Debug|Any CPU.ActiveCfg = Debug|Any CPU
		{37E48FDC-7C5B-47CA-9231-724766BE406E}.Debug|Any CPU.Build.0 = Debug|Any CPU
		{37E48FDC-7C5B-47CA-9231-724766BE406E}.Release|Any CPU.ActiveCfg = Release|Any CPU
		{37E48FDC-7C5B-47CA-9231-724766BE406E}.Release|Any CPU.Build.0 = Release|Any CPU
	EndGlobalSection
	GlobalSection(SolutionProperties) = preSolution
		HideSolutionNode = FALSE
	EndGlobalSection
	GlobalSection(ExtensibilityGlobals) = postSolution
		SolutionGuid = {0D435F06-395F-4E75-B9F5-005794C4A81A}
	EndGlobalSection
EndGlobal
